
Microsoft Visual Studio Solution File, Format Version 12.00
# Visual Studio Version 16
VisualStudioVersion = 16.0.29519.181
MinimumVisualStudioVersion = 10.0.40219.1
Project("{FAE04EC0-301F-11D3-BF4B-00C04F79EFBC}") = "webword", "webword\webword.csproj", "{F4E5E6A8-7E98-40F5-9DA5-ACC2ADAAF802}"
EndProject
Global
	GlobalSection(SolutionConfigurationPlatforms) = preSolution
		Debug|Any CPU = Debug|Any CPU
		Release|Any CPU = Release|Any CPU
	EndGlobalSection
	GlobalSection(ProjectConfigurationPlatforms) = postSolution
		{F4E5E6A8-7E98-40F5-9DA5-ACC2ADAAF802}.Debug|Any CPU.ActiveCfg = Debug|Any CPU
		{F4E5E6A8-7E98-40F5-9DA5-ACC2ADAAF802}.Debug|Any CPU.Build.0 = Debug|Any CPU
		{F4E5E6A8-7E98-40F5-9DA5-ACC2ADAAF802}.Release|Any CPU.ActiveCfg = Release|Any CPU
		{F4E5E6A8-7E98-40F5-9DA5-ACC2ADAAF802}.Release|Any CPU.Build.0 = Release|Any CPU
	EndGlobalSection
	GlobalSection(SolutionProperties) = preSolution
		HideSolutionNode = FALSE
	EndGlobalSection
	GlobalSection(ExtensibilityGlobals) = postSolution
		SolutionGuid = {43A9D64F-4675-4B45-9054-F23E305CAF3E}
	EndGlobalSection
EndGlobal
